
Microsoft Visual Studio Solution File, Format Version 12.00
# Visual Studio Version 17
VisualStudioVersion = 17.11.35312.102
MinimumVisualStudioVersion = 10.0.40219.1
Project("{FAE04EC0-301F-11D3-BF4B-00C04F79EFBC}") = "Assignment1", "Assignment1\Assignment1.csproj", "{99FBC85B-0028-4241-93E7-CDDFE6E3C5D0}"
EndProject
Global
	GlobalSection(SolutionConfigurationPlatforms) = preSolution
		Debug|Any CPU = Debug|Any CPU
		Release|Any CPU = Release|Any CPU
	EndGlobalSection
	GlobalSection(ProjectConfigurationPlatforms) = postSolution
		{99FBC85B-0028-4241-93E7-CDDFE6E3C5D0}.Debug|Any CPU.ActiveCfg = Debug|Any CPU
		{99FBC85B-0028-4241-93E7-CDDFE6E3C5D0}.Debug|Any CPU.Build.0 = Debug|Any CPU
		{99FBC85B-0028-4241-93E7-CDDFE6E3C5D0}.Release|Any CPU.ActiveCfg = Release|Any CPU
		{99FBC85B-0028-4241-93E7-CDDFE6E3C5D0}.Release|Any CPU.Build.0 = Release|Any CPU
	EndGlobalSection
	GlobalSection(SolutionProperties) = preSolution
		HideSolutionNode = FALSE
	EndGlobalSection
	GlobalSection(ExtensibilityGlobals) = postSolution
		SolutionGuid = {30C99428-A93A-4653-A8B7-5C9664607C3D}
	EndGlobalSection
EndGlobal
